<?xml version="1.0" encoding="utf-8"?>
<Project ToolsVersion="4.0" xmlns="http://schemas.microsoft.com/developer/msbuild/2003">
  <ItemGroup>
    <Filter Include="소스 파일">
      <UniqueIdentifier>{4FC737F1-C7A5-4376-A066-2A32D752A2FF}</UniqueIdentifier>
      <Extensions>cpp;c;cc;cxx;c++;cppm;ixx;def;odl;idl;hpj;bat;asm;asmx</Extensions>
    </Filter>
    <Filter Include="헤더 파일">
      <UniqueIdentifier>{93995380-89BD-4b04-88EB-625FBE52EBFB}</UniqueIdentifier>
      <Extensions>h;hh;hpp;hxx;h++;hm;inl;inc;ipp;xsd</Extensions>
    </Filter>
    <Filter Include="리소스 파일">
      <UniqueIdentifier>{67DA6AB6-F800-4c08-8B7A-83BB121AAD01}</UniqueIdentifier>
      <Extensions>rc;ico;cur;bmp;dlg;rc2;rct;bin;rgs;gif;jpg;jpeg;jpe;resx;tiff;tif;png;wav;mfcribbon-ms</Extensions>
    </Filter>
    <Filter Include="소스 파일\Unsolved">
      <UniqueIdentifier>{69348ad4-a8ba-4347-a27e-64018fd78c11}</UniqueIdentifier>
    </Filter>
    <Filter Include="소스 파일\ReviewQueue">
      <UniqueIdentifier>{0e6346bf-16bb-4e83-b353-83b82247e244}</UniqueIdentifier>
    </Filter>
    <Filter Include="소스 파일\SWEA">
      <UniqueIdentifier>{aac7c182-6978-4016-8b2a-17b48bd11c22}</UniqueIdentifier>
    </Filter>
    <Filter Include="소스 파일\SWEA\1213">
      <UniqueIdentifier>{b7e45424-fa9e-4512-a935-caded7bd4c8d}</UniqueIdentifier>
    </Filter>
    <Filter Include="소스 파일\SWEA\1216">
      <UniqueIdentifier>{4d4b2d28-cf0f-4b3c-a8c5-1bf2142bb648}</UniqueIdentifier>
    </Filter>
    <Filter Include="소스 파일\SWEA\1953">
      <UniqueIdentifier>{31b5ea10-8aae-4f43-a6d7-ecb0922c5a5e}</UniqueIdentifier>
    </Filter>
    <Filter Include="소스 파일\SWEA\Unsolved">
      <UniqueIdentifier>{f861bc79-1eb3-48a8-aa15-bc56fbff53db}</UniqueIdentifier>
    </Filter>
  </ItemGroup>
  <ItemGroup>
    <ClCompile Include="BaekJoon.cpp">
      <Filter>소스 파일</Filter>
    </ClCompile>
    <ClCompile Include="12100_2048_Easy.cpp">
      <Filter>소스 파일</Filter>
    </ClCompile>
    <ClCompile Include="3190_뱀.cpp">
      <Filter>소스 파일</Filter>
    </ClCompile>
    <ClCompile Include="13460_구슬탈출2.cpp">
      <Filter>소스 파일</Filter>
    </ClCompile>
    <ClCompile Include="13458_시험감독.cpp">
      <Filter>소스 파일</Filter>
    </ClCompile>
    <ClCompile Include="14500_테트로미노.cpp">
      <Filter>소스 파일\Unsolved</Filter>
    </ClCompile>
    <ClCompile Include="1037_약수.cpp">
      <Filter>소스 파일</Filter>
    </ClCompile>
    <ClCompile Include="25192_인사성밝은곰곰이.cpp">
      <Filter>소스 파일</Filter>
    </ClCompile>
    <ClCompile Include="1715_카드정렬하기.cpp">
      <Filter>소스 파일</Filter>
    </ClCompile>
    <ClCompile Include="7576_토마토.cpp">
      <Filter>소스 파일</Filter>
    </ClCompile>
    <ClCompile Include="9935_문자열폭발.cpp">
      <Filter>소스 파일\ReviewQueue</Filter>
    </ClCompile>
    <ClCompile Include="16139_인간-컴퓨터상호작용.cpp">
      <Filter>소스 파일\ReviewQueue</Filter>
    </ClCompile>
    <ClCompile Include="14499_주사위굴리기.cpp">
      <Filter>소스 파일\ReviewQueue</Filter>
    </ClCompile>
    <ClCompile Include="1202_보석도둑.cpp">
      <Filter>소스 파일\ReviewQueue</Filter>
    </ClCompile>
    <ClCompile Include="1744_수묶기.cpp">
      <Filter>소스 파일</Filter>
    </ClCompile>
    <ClCompile Include="1339_단어수학.cpp">
      <Filter>소스 파일</Filter>
    </ClCompile>
    <ClCompile Include="15903_카드합체놀이.cpp">
      <Filter>소스 파일</Filter>
    </ClCompile>
    <ClCompile Include="7569_토마토.cpp">
      <Filter>소스 파일</Filter>
    </ClCompile>
    <ClCompile Include="1700_멀티탭스케줄링.cpp">
      <Filter>소스 파일</Filter>
    </ClCompile>
    <ClCompile Include="16496_큰수만들기.cpp">
      <Filter>소스 파일\ReviewQueue</Filter>
    </ClCompile>
    <ClCompile Include="14939_불끄기.cpp">
      <Filter>소스 파일\Unsolved</Filter>
    </ClCompile>
    <ClCompile Include="3109_빵집.cpp">
      <Filter>소스 파일</Filter>
    </ClCompile>
    <ClCompile Include="2437_저울.cpp">
      <Filter>소스 파일\ReviewQueue</Filter>
    </ClCompile>
    <ClCompile Include="11000_강의실배정.cpp">
      <Filter>소스 파일\ReviewQueue</Filter>
    </ClCompile>
    <ClCompile Include="2212_센서.cpp">
      <Filter>소스 파일\ReviewQueue</Filter>
    </ClCompile>
    <ClCompile Include="12904_A와B.cpp">
      <Filter>소스 파일</Filter>
    </ClCompile>
    <ClCompile Include="1449_수리공항승.cpp">
      <Filter>소스 파일</Filter>
    </ClCompile>
    <ClCompile Include="1783_병든나이트.cpp">
      <Filter>소스 파일\ReviewQueue</Filter>
    </ClCompile>
    <ClCompile Include="1002_터렛.cpp">
      <Filter>소스 파일\ReviewQueue</Filter>
    </ClCompile>
    <ClCompile Include="18310_안테나.cpp">
      <Filter>소스 파일\ReviewQueue</Filter>
    </ClCompile>
    <ClCompile Include="16953_A2B.cpp">
      <Filter>소스 파일</Filter>
    </ClCompile>
    <ClCompile Include="10775_공항.cpp">
      <Filter>소스 파일\ReviewQueue</Filter>
    </ClCompile>
    <ClCompile Include="1717_집합의표현.cpp">
      <Filter>소스 파일</Filter>
    </ClCompile>
    <ClCompile Include="1976_여행가자.cpp">
      <Filter>소스 파일</Filter>
    </ClCompile>
    <ClCompile Include="4195_친구네트워크.cpp">
      <Filter>소스 파일</Filter>
    </ClCompile>
    <ClCompile Include="20040_사이클게임.cpp">
      <Filter>소스 파일\ReviewQueue</Filter>
    </ClCompile>
    <ClCompile Include="1654_랜선자르기.cpp">
      <Filter>소스 파일\ReviewQueue</Filter>
    </ClCompile>
    <ClCompile Include="2805_나무자르기.cpp">
      <Filter>소스 파일</Filter>
    </ClCompile>
    <ClCompile Include="2110_공유기설치.cpp">
      <Filter>소스 파일\ReviewQueue</Filter>
    </ClCompile>
    <ClCompile Include="1300_K번째수.cpp">
      <Filter>소스 파일\ReviewQueue</Filter>
    </ClCompile>
    <ClCompile Include="2630_색종이만들기_DFS.cpp">
      <Filter>소스 파일</Filter>
    </ClCompile>
    <ClCompile Include="2630_색종이만들기_분할정복.cpp">
      <Filter>소스 파일</Filter>
    </ClCompile>
    <ClCompile Include="1992_쿼드트리.cpp">
      <Filter>소스 파일</Filter>
    </ClCompile>
    <ClCompile Include="11401_이항계수3.cpp">
      <Filter>소스 파일\ReviewQueue</Filter>
    </ClCompile>
    <ClCompile Include="2740_행렬곱셈.cpp">
      <Filter>소스 파일</Filter>
    </ClCompile>
    <ClCompile Include="10807_개수세기.cpp">
      <Filter>소스 파일</Filter>
    </ClCompile>
    <ClCompile Include="19532_수학은비대면강의입니다.cpp">
      <Filter>소스 파일</Filter>
    </ClCompile>
    <ClCompile Include="14916_거스름돈.cpp">
      <Filter>소스 파일</Filter>
    </ClCompile>
    <ClCompile Include="2847_게임을만든동준이.cpp">
      <Filter>소스 파일</Filter>
    </ClCompile>
    <ClCompile Include="SWEA\1209.cpp">
      <Filter>소스 파일\SWEA</Filter>
    </ClCompile>
    <ClCompile Include="SWEA\1210_Ladder1.cpp">
      <Filter>소스 파일\SWEA</Filter>
    </ClCompile>
    <ClCompile Include="SWEA\1215.cpp">
      <Filter>소스 파일\SWEA</Filter>
    </ClCompile>
    <ClCompile Include="SWEA\1220.cpp">
      <Filter>소스 파일\SWEA</Filter>
    </ClCompile>
    <ClCompile Include="SWEA\1225.cpp">
      <Filter>소스 파일\SWEA</Filter>
    </ClCompile>
    <ClCompile Include="SWEA\1226_미로1.cpp">
      <Filter>소스 파일\SWEA</Filter>
    </ClCompile>
    <ClCompile Include="SWEA\1238_Contact.cpp">
      <Filter>소스 파일\SWEA</Filter>
    </ClCompile>
    <ClCompile Include="SWEA\1249.cpp">
      <Filter>소스 파일\SWEA</Filter>
    </ClCompile>
    <ClCompile Include="SWEA\1289.cpp">
      <Filter>소스 파일\SWEA</Filter>
    </ClCompile>
    <ClCompile Include="SWEA\1824_혁진이의프로그램검증.cpp">
      <Filter>소스 파일\SWEA</Filter>
    </ClCompile>
    <ClCompile Include="SWEA\1860_진기의붕어빵.cpp">
      <Filter>소스 파일\SWEA</Filter>
    </ClCompile>
    <ClCompile Include="SWEA\1861_정사각형방.cpp">
      <Filter>소스 파일\SWEA</Filter>
    </ClCompile>
    <ClCompile Include="SWEA\1493_수의새로운연산.cpp">
      <Filter>소스 파일\SWEA</Filter>
    </ClCompile>
    <ClCompile Include="SWEA\2814.cpp">
      <Filter>소스 파일\SWEA</Filter>
    </ClCompile>
    <ClCompile Include="SWEA\2817.cpp">
      <Filter>소스 파일\SWEA</Filter>
    </ClCompile>
    <ClCompile Include="SWEA\2819_격자판숫자.cpp">
      <Filter>소스 파일\SWEA</Filter>
    </ClCompile>
    <ClCompile Include="SWEA\5215.cpp">
      <Filter>소스 파일\SWEA</Filter>
    </ClCompile>
    <ClCompile Include="SWEA\4615_오셀로게임.cpp">
      <Filter>소스 파일\SWEA</Filter>
    </ClCompile>
    <ClCompile Include="SWEA\3752.cpp">
      <Filter>소스 파일\SWEA</Filter>
    </ClCompile>
    <ClCompile Include="SWEA\copyTemplete.cpp">
      <Filter>소스 파일\SWEA</Filter>
    </ClCompile>
    <ClCompile Include="SWEA\1213_String.cpp">
      <Filter>소스 파일\SWEA\1213</Filter>
    </ClCompile>
    <ClCompile Include="SWEA\1213_String_usestring.cpp">
      <Filter>소스 파일\SWEA\1213</Filter>
    </ClCompile>
    <ClCompile Include="SWEA\1216_faster.cpp">
      <Filter>소스 파일\SWEA\1216</Filter>
    </ClCompile>
    <ClCompile Include="SWEA\1216_stack.cpp">
      <Filter>소스 파일\SWEA\1216</Filter>
    </ClCompile>
    <ClCompile Include="SWEA\1953DFS.cpp">
      <Filter>소스 파일\SWEA\1953</Filter>
    </ClCompile>
    <ClCompile Include="SWEA\1953BFS.cpp">
      <Filter>소스 파일\SWEA\1953</Filter>
    </ClCompile>
    <ClCompile Include="SWEA\1953BFS_CustomQueue.cpp">
      <Filter>소스 파일\SWEA\1953</Filter>
    </ClCompile>
    <ClCompile Include="SWEA\1868_지뢰찾기.cpp">
      <Filter>소스 파일\SWEA\Unsolved</Filter>
    </ClCompile>
    <ClCompile Include="2001_파리퇴치.cpp">
      <Filter>소스 파일\SWEA</Filter>
    </ClCompile>
  </ItemGroup>
</Project>